
Microsoft Visual Studio Solution File, Format Version 12.00
# Visual Studio 14
VisualStudioVersion = 14.0.24720.0
MinimumVisualStudioVersion = 10.0.40219.1
Project("{8BC9CEB8-8B4A-11D0-8D11-00A0C91BC942}") = "TextProcessing", "TextProcessing\TextProcessing.vcxproj", "{1CFB2869-F8F2-4F3D-953F-6A64AA68874E}"
EndProject
Project("{8BC9CEB8-8B4A-11D0-8D11-00A0C91BC942}") = "Events", "Events\Events.vcxproj", "{F3DF0914-BAC0-4C2E-A532-12C73CAF0D2F}"
EndProject
Project("{8BC9CEB8-8B4A-11D0-8D11-00A0C91BC942}") = "BarleyBreak", "BarleyBreak\BarleyBreak.vcxproj", "{1AB06AFB-949F-4CCE-B7D5-022183BFCDFA}"
EndProject
Project("{8BC9CEB8-8B4A-11D0-8D11-00A0C91BC942}") = "PrimitivePaint", "PrimitivePaint\PrimitivePaint.vcxproj", "{5C6BA9AE-98DA-4591-8353-76471495393E}"
EndProject
Global
	GlobalSection(SolutionConfigurationPlatforms) = preSolution
		Debug|ARM = Debug|ARM
		Debug|x64 = Debug|x64
		Debug|x86 = Debug|x86
		Release|ARM = Release|ARM
		Release|x64 = Release|x64
		Release|x86 = Release|x86
	EndGlobalSection
	GlobalSection(ProjectConfigurationPlatforms) = postSolution
		{1CFB2869-F8F2-4F3D-953F-6A64AA68874E}.Debug|ARM.ActiveCfg = Debug|ARM
		{1CFB2869-F8F2-4F3D-953F-6A64AA68874E}.Debug|ARM.Build.0 = Debug|ARM
		{1CFB2869-F8F2-4F3D-953F-6A64AA68874E}.Debug|ARM.Deploy.0 = Debug|ARM
		{1CFB2869-F8F2-4F3D-953F-6A64AA68874E}.Debug|x64.ActiveCfg = Debug|x64
		{1CFB2869-F8F2-4F3D-953F-6A64AA68874E}.Debug|x64.Build.0 = Debug|x64
		{1CFB2869-F8F2-4F3D-953F-6A64AA68874E}.Debug|x64.Deploy.0 = Debug|x64
		{1CFB2869-F8F2-4F3D-953F-6A64AA68874E}.Debug|x86.ActiveCfg = Debug|Win32
		{1CFB2869-F8F2-4F3D-953F-6A64AA68874E}.Debug|x86.Build.0 = Debug|Win32
		{1CFB2869-F8F2-4F3D-953F-6A64AA68874E}.Debug|x86.Deploy.0 = Debug|Win32
		{1CFB2869-F8F2-4F3D-953F-6A64AA68874E}.Release|ARM.ActiveCfg = Release|ARM
		{1CFB2869-F8F2-4F3D-953F-6A64AA68874E}.Release|ARM.Build.0 = Release|ARM
		{1CFB2869-F8F2-4F3D-953F-6A64AA68874E}.Release|ARM.Deploy.0 = Release|ARM
		{1CFB2869-F8F2-4F3D-953F-6A64AA68874E}.Release|x64.ActiveCfg = Release|x64
		{1CFB2869-F8F2-4F3D-953F-6A64AA68874E}.Release|x64.Build.0 = Release|x64
		{1CFB2869-F8F2-4F3D-953F-6A64AA68874E}.Release|x64.Deploy.0 = Release|x64
		{1CFB2869-F8F2-4F3D-953F-6A64AA68874E}.Release|x86.ActiveCfg = Release|Win32
		{1CFB2869-F8F2-4F3D-953F-6A64AA68874E}.Release|x86.Build.0 = Release|Win32
		{1CFB2869-F8F2-4F3D-953F-6A64AA68874E}.Release|x86.Deploy.0 = Release|Win32
		{F3DF0914-BAC0-4C2E-A532-12C73CAF0D2F}.Debug|ARM.ActiveCfg = Debug|ARM
		{F3DF0914-BAC0-4C2E-A532-12C73CAF0D2F}.Debug|ARM.Build.0 = Debug|ARM
		{F3DF0914-BAC0-4C2E-A532-12C73CAF0D2F}.Debug|ARM.Deploy.0 = Debug|ARM
		{F3DF0914-BAC0-4C2E-A532-12C73CAF0D2F}.Debug|x64.ActiveCfg = Debug|x64
		{F3DF0914-BAC0-4C2E-A532-12C73CAF0D2F}.Debug|x64.Build.0 = Debug|x64
		{F3DF0914-BAC0-4C2E-A532-12C73CAF0D2F}.Debug|x64.Deploy.0 = Debug|x64
		{F3DF0914-BAC0-4C2E-A532-12C73CAF0D2F}.Debug|x86.ActiveCfg = Debug|Win32
		{F3DF0914-BAC0-4C2E-A532-12C73CAF0D2F}.Debug|x86.Build.0 = Debug|Win32
		{F3DF0914-BAC0-4C2E-A532-12C73CAF0D2F}.Debug|x86.Deploy.0 = Debug|Win32
		{F3DF0914-BAC0-4C2E-A532-12C73CAF0D2F}.Release|ARM.ActiveCfg = Release|ARM
		{F3DF0914-BAC0-4C2E-A532-12C73CAF0D2F}.Release|ARM.Build.0 = Release|ARM
		{F3DF0914-BAC0-4C2E-A532-12C73CAF0D2F}.Release|ARM.Deploy.0 = Release|ARM
		{F3DF0914-BAC0-4C2E-A532-12C73CAF0D2F}.Release|x64.ActiveCfg = Release|x64
		{F3DF0914-BAC0-4C2E-A532-12C73CAF0D2F}.Release|x64.Build.0 = Release|x64
		{F3DF0914-BAC0-4C2E-A532-12C73CAF0D2F}.Release|x64.Deploy.0 = Release|x64
		{F3DF0914-BAC0-4C2E-A532-12C73CAF0D2F}.Release|x86.ActiveCfg = Release|Win32
		{F3DF0914-BAC0-4C2E-A532-12C73CAF0D2F}.Release|x86.Build.0 = Release|Win32
		{F3DF0914-BAC0-4C2E-A532-12C73CAF0D2F}.Release|x86.Deploy.0 = Release|Win32
		{1AB06AFB-949F-4CCE-B7D5-022183BFCDFA}.Debug|ARM.ActiveCfg = Debug|ARM
		{1AB06AFB-949F-4CCE-B7D5-022183BFCDFA}.Debug|ARM.Build.0 = Debug|ARM
		{1AB06AFB-949F-4CCE-B7D5-022183BFCDFA}.Debug|ARM.Deploy.0 = Debug|ARM
		{1AB06AFB-949F-4CCE-B7D5-022183BFCDFA}.Debug|x64.ActiveCfg = Debug|x64
		{1AB06AFB-949F-4CCE-B7D5-022183BFCDFA}.Debug|x64.Build.0 = Debug|x64
		{1AB06AFB-949F-4CCE-B7D5-022183BFCDFA}.Debug|x64.Deploy.0 = Debug|x64
		{1AB06AFB-949F-4CCE-B7D5-022183BFCDFA}.Debug|x86.ActiveCfg = Debug|Win32
		{1AB06AFB-949F-4CCE-B7D5-022183BFCDFA}.Debug|x86.Build.0 = Debug|Win32
		{1AB06AFB-949F-4CCE-B7D5-022183BFCDFA}.Debug|x86.Deploy.0 = Debug|Win32
		{1AB06AFB-949F-4CCE-B7D5-022183BFCDFA}.Release|ARM.ActiveCfg = Release|ARM
		{1AB06AFB-949F-4CCE-B7D5-022183BFCDFA}.Release|ARM.Build.0 = Release|ARM
		{1AB06AFB-949F-4CCE-B7D5-022183BFCDFA}.Release|ARM.Deploy.0 = Release|ARM
		{1AB06AFB-949F-4CCE-B7D5-022183BFCDFA}.Release|x64.ActiveCfg = Release|x64
		{1AB06AFB-949F-4CCE-B7D5-022183BFCDFA}.Release|x64.Build.0 = Release|x64
		{1AB06AFB-949F-4CCE-B7D5-022183BFCDFA}.Release|x64.Deploy.0 = Release|x64
		{1AB06AFB-949F-4CCE-B7D5-022183BFCDFA}.Release|x86.ActiveCfg = Release|Win32
		{1AB06AFB-949F-4CCE-B7D5-022183BFCDFA}.Release|x86.Build.0 = Release|Win32
		{1AB06AFB-949F-4CCE-B7D5-022183BFCDFA}.Release|x86.Deploy.0 = Release|Win32
		{5C6BA9AE-98DA-4591-8353-76471495393E}.Debug|ARM.ActiveCfg = Debug|ARM
		{5C6BA9AE-98DA-4591-8353-76471495393E}.Debug|ARM.Build.0 = Debug|ARM
		{5C6BA9AE-98DA-4591-8353-76471495393E}.Debug|ARM.Deploy.0 = Debug|ARM
		{5C6BA9AE-98DA-4591-8353-76471495393E}.Debug|x64.ActiveCfg = Debug|x64
		{5C6BA9AE-98DA-4591-8353-76471495393E}.Debug|x64.Build.0 = Debug|x64
		{5C6BA9AE-98DA-4591-8353-76471495393E}.Debug|x64.Deploy.0 = Debug|x64
		{5C6BA9AE-98DA-4591-8353-76471495393E}.Debug|x86.ActiveCfg = Debug|Win32
		{5C6BA9AE-98DA-4591-8353-76471495393E}.Debug|x86.Build.0 = Debug|Win32
		{5C6BA9AE-98DA-4591-8353-76471495393E}.Debug|x86.Deploy.0 = Debug|Win32
		{5C6BA9AE-98DA-4591-8353-76471495393E}.Release|ARM.ActiveCfg = Release|ARM
		{5C6BA9AE-98DA-4591-8353-76471495393E}.Release|ARM.Build.0 = Release|ARM
		{5C6BA9AE-98DA-4591-8353-76471495393E}.Release|ARM.Deploy.0 = Release|ARM
		{5C6BA9AE-98DA-4591-8353-76471495393E}.Release|x64.ActiveCfg = Release|x64
		{5C6BA9AE-98DA-4591-8353-76471495393E}.Release|x64.Build.0 = Release|x64
		{5C6BA9AE-98DA-4591-8353-76471495393E}.Release|x64.Deploy.0 = Release|x64
		{5C6BA9AE-98DA-4591-8353-76471495393E}.Release|x86.ActiveCfg = Release|Win32
		{5C6BA9AE-98DA-4591-8353-76471495393E}.Release|x86.Build.0 = Release|Win32
		{5C6BA9AE-98DA-4591-8353-76471495393E}.Release|x86.Deploy.0 = Release|Win32
	EndGlobalSection
	GlobalSection(SolutionProperties) = preSolution
		HideSolutionNode = FALSE
	EndGlobalSection
EndGlobal
